
Microsoft Visual Studio Solution File, Format Version 12.00
# Visual Studio Version 16
VisualStudioVersion = 16.0.31205.134
MinimumVisualStudioVersion = 10.0.40219.1
Project("{FAE04EC0-301F-11D3-BF4B-00C04F79EFBC}") = "DemoLibrary", "DemoLibrary\DemoLibrary.csproj", "{0B5BB548-8A9D-4381-B820-DC59A5DB5D55}"
EndProject
Project("{FAE04EC0-301F-11D3-BF4B-00C04F79EFBC}") = "ConsoleUI", "ConsoleUI\ConsoleUI.csproj", "{D68E0807-288A-4A6D-B080-C2FD4B072DA5}"
EndProject
Global
	GlobalSection(SolutionConfigurationPlatforms) = preSolution
		Debug|Any CPU = Debug|Any CPU
		Release|Any CPU = Release|Any CPU
	EndGlobalSection
	GlobalSection(ProjectConfigurationPlatforms) = postSolution
		{0B5BB548-8A9D-4381-B820-DC59A5DB5D55}.Debug|Any CPU.ActiveCfg = Debug|Any CPU
		{0B5BB548-8A9D-4381-B820-DC59A5DB5D55}.Debug|Any CPU.Build.0 = Debug|Any CPU
		{0B5BB548-8A9D-4381-B820-DC59A5DB5D55}.Release|Any CPU.ActiveCfg = Release|Any CPU
		{0B5BB548-8A9D-4381-B820-DC59A5DB5D55}.Release|Any CPU.Build.0 = Release|Any CPU
		{D68E0807-288A-4A6D-B080-C2FD4B072DA5}.Debug|Any CPU.ActiveCfg = Debug|Any CPU
		{D68E0807-288A-4A6D-B080-C2FD4B072DA5}.Debug|Any CPU.Build.0 = Debug|Any CPU
		{D68E0807-288A-4A6D-B080-C2FD4B072DA5}.Release|Any CPU.ActiveCfg = Release|Any CPU
		{D68E0807-288A-4A6D-B080-C2FD4B072DA5}.Release|Any CPU.Build.0 = Release|Any CPU
	EndGlobalSection
	GlobalSection(SolutionProperties) = preSolution
		HideSolutionNode = FALSE
	EndGlobalSection
	GlobalSection(ExtensibilityGlobals) = postSolution
		SolutionGuid = {B6645BDB-965D-4C77-A5ED-D59A331FD440}
	EndGlobalSection
EndGlobal
