
Microsoft Visual Studio Solution File, Format Version 12.00
# Visual Studio Version 16
VisualStudioVersion = 16.0.31205.134
MinimumVisualStudioVersion = 10.0.40219.1
Project("{FAE04EC0-301F-11D3-BF4B-00C04F79EFBC}") = "Mediator", "Mediator.csproj", "{5BE2A007-B8AC-46BC-9C8F-50DC63F5D87D}"
EndProject
Global
	GlobalSection(SolutionConfigurationPlatforms) = preSolution
		Debug|Any CPU = Debug|Any CPU
		Release|Any CPU = Release|Any CPU
	EndGlobalSection
	GlobalSection(ProjectConfigurationPlatforms) = postSolution
		{5BE2A007-B8AC-46BC-9C8F-50DC63F5D87D}.Debug|Any CPU.ActiveCfg = Debug|Any CPU
		{5BE2A007-B8AC-46BC-9C8F-50DC63F5D87D}.Debug|Any CPU.Build.0 = Debug|Any CPU
		{5BE2A007-B8AC-46BC-9C8F-50DC63F5D87D}.Release|Any CPU.ActiveCfg = Release|Any CPU
		{5BE2A007-B8AC-46BC-9C8F-50DC63F5D87D}.Release|Any CPU.Build.0 = Release|Any CPU
	EndGlobalSection
	GlobalSection(SolutionProperties) = preSolution
		HideSolutionNode = FALSE
	EndGlobalSection
	GlobalSection(ExtensibilityGlobals) = postSolution
		SolutionGuid = {35BBE297-F907-4BB3-A8C1-7B78CDFF5B39}
	EndGlobalSection
EndGlobal
